
Microsoft Visual Studio Solution File, Format Version 12.00
# Visual Studio Version 16
VisualStudioVersion = 16.0.31829.152
MinimumVisualStudioVersion = 10.0.40219.1
Project("{FAE04EC0-301F-11D3-BF4B-00C04F79EFBC}") = "Intel8086", "Intel8086\Intel8086.csproj", "{81E4CBF1-921A-4D23-A5CB-2EA21FB1DCAF}"
EndProject
Global
	GlobalSection(SolutionConfigurationPlatforms) = preSolution
		Debug|Any CPU = Debug|Any CPU
		Release|Any CPU = Release|Any CPU
	EndGlobalSection
	GlobalSection(ProjectConfigurationPlatforms) = postSolution
		{81E4CBF1-921A-4D23-A5CB-2EA21FB1DCAF}.Debug|Any CPU.ActiveCfg = Debug|Any CPU
		{81E4CBF1-921A-4D23-A5CB-2EA21FB1DCAF}.Debug|Any CPU.Build.0 = Debug|Any CPU
		{81E4CBF1-921A-4D23-A5CB-2EA21FB1DCAF}.Release|Any CPU.ActiveCfg = Release|Any CPU
		{81E4CBF1-921A-4D23-A5CB-2EA21FB1DCAF}.Release|Any CPU.Build.0 = Release|Any CPU
	EndGlobalSection
	GlobalSection(SolutionProperties) = preSolution
		HideSolutionNode = FALSE
	EndGlobalSection
	GlobalSection(ExtensibilityGlobals) = postSolution
		SolutionGuid = {FA61F7FB-C1EE-4A0F-A7A2-521366CA6AAE}
	EndGlobalSection
EndGlobal
